
Microsoft Visual Studio Solution File, Format Version 12.00
# Visual Studio Version 17
VisualStudioVersion = 17.0.31903.59
MinimumVisualStudioVersion = 10.0.40219.1
Project("{2150E333-8FDC-42A3-9474-1A3956D46DE8}") = "AoC.2021", "AoC.2021", "{2F8DEA6A-6B28-4B81-B268-6E11310FCAB1}"
EndProject
Project("{FAE04EC0-301F-11D3-BF4B-00C04F79EFBC}") = "AoC.Day1", "AoC.2021\AoC.Day1\AoC.Day1.csproj", "{948323BA-8C5B-4DD0-A294-23D841371742}"
EndProject
Project("{FAE04EC0-301F-11D3-BF4B-00C04F79EFBC}") = "AoC.Day2", "AoC.2021\AoC.Day2\AoC.Day2.csproj", "{D121F56D-308C-43DC-B4BF-E720BCAA6A03}"
EndProject
Project("{FAE04EC0-301F-11D3-BF4B-00C04F79EFBC}") = "AoC.Day3", "AoC.2021\AoC.Day3\AoC.Day3.csproj", "{E045597A-17E4-4AB3-A2F1-983CA26A517B}"
EndProject
Project("{FAE04EC0-301F-11D3-BF4B-00C04F79EFBC}") = "AoC.Day4", "AoC.2021\AoC.Day4\AoC.Day4.csproj", "{1ACD3714-B15A-475D-AC2D-296846CD72F9}"
EndProject
Project("{FAE04EC0-301F-11D3-BF4B-00C04F79EFBC}") = "AoC.Day5", "AoC.2021\AoC.Day5\AoC.Day5.csproj", "{2F890A08-C53A-498D-AB25-DBE3A635A922}"
EndProject
Project("{FAE04EC0-301F-11D3-BF4B-00C04F79EFBC}") = "AoC.Day6", "AoC.2021\AoC.Day6\AoC.Day6.csproj", "{C7348D92-0BBF-4C99-869F-B986821D9653}"
EndProject
Project("{2150E333-8FDC-42A3-9474-1A3956D46DE8}") = "AoC.2022", "AoC.2022", "{A84E1251-1CF0-41F0-85DD-63F0813610E6}"
EndProject
Project("{FAE04EC0-301F-11D3-BF4B-00C04F79EFBC}") = "AoC.Day1", "AoC.2022\AoC.Day1\AoC.Day1.csproj", "{2A85325C-2ED4-44B6-B257-3A4EDB20D97F}"
EndProject
Project("{FAE04EC0-301F-11D3-BF4B-00C04F79EFBC}") = "AoC.Day2", "AoC.2022\AoC.Day2\AoC.Day2.csproj", "{D091CEE0-F2F0-4407-900F-BAE7D7F36BED}"
EndProject
Project("{FAE04EC0-301F-11D3-BF4B-00C04F79EFBC}") = "AoC.Day3", "AoC.2022\AoC.Day3\AoC.Day3.csproj", "{CB7AA4E3-CBB3-47E9-8883-1A45D5C08737}"
EndProject
Global
	GlobalSection(SolutionConfigurationPlatforms) = preSolution
		Debug|Any CPU = Debug|Any CPU
		Release|Any CPU = Release|Any CPU
	EndGlobalSection
	GlobalSection(SolutionProperties) = preSolution
		HideSolutionNode = FALSE
	EndGlobalSection
	GlobalSection(ProjectConfigurationPlatforms) = postSolution
		{948323BA-8C5B-4DD0-A294-23D841371742}.Debug|Any CPU.ActiveCfg = Debug|Any CPU
		{948323BA-8C5B-4DD0-A294-23D841371742}.Debug|Any CPU.Build.0 = Debug|Any CPU
		{948323BA-8C5B-4DD0-A294-23D841371742}.Release|Any CPU.ActiveCfg = Release|Any CPU
		{948323BA-8C5B-4DD0-A294-23D841371742}.Release|Any CPU.Build.0 = Release|Any CPU
		{D121F56D-308C-43DC-B4BF-E720BCAA6A03}.Debug|Any CPU.ActiveCfg = Debug|Any CPU
		{D121F56D-308C-43DC-B4BF-E720BCAA6A03}.Debug|Any CPU.Build.0 = Debug|Any CPU
		{D121F56D-308C-43DC-B4BF-E720BCAA6A03}.Release|Any CPU.ActiveCfg = Release|Any CPU
		{D121F56D-308C-43DC-B4BF-E720BCAA6A03}.Release|Any CPU.Build.0 = Release|Any CPU
		{E045597A-17E4-4AB3-A2F1-983CA26A517B}.Debug|Any CPU.ActiveCfg = Debug|Any CPU
		{E045597A-17E4-4AB3-A2F1-983CA26A517B}.Debug|Any CPU.Build.0 = Debug|Any CPU
		{E045597A-17E4-4AB3-A2F1-983CA26A517B}.Release|Any CPU.ActiveCfg = Release|Any CPU
		{E045597A-17E4-4AB3-A2F1-983CA26A517B}.Release|Any CPU.Build.0 = Release|Any CPU
		{1ACD3714-B15A-475D-AC2D-296846CD72F9}.Debug|Any CPU.ActiveCfg = Debug|Any CPU
		{1ACD3714-B15A-475D-AC2D-296846CD72F9}.Debug|Any CPU.Build.0 = Debug|Any CPU
		{1ACD3714-B15A-475D-AC2D-296846CD72F9}.Release|Any CPU.ActiveCfg = Release|Any CPU
		{1ACD3714-B15A-475D-AC2D-296846CD72F9}.Release|Any CPU.Build.0 = Release|Any CPU
		{2F890A08-C53A-498D-AB25-DBE3A635A922}.Debug|Any CPU.ActiveCfg = Debug|Any CPU
		{2F890A08-C53A-498D-AB25-DBE3A635A922}.Debug|Any CPU.Build.0 = Debug|Any CPU
		{2F890A08-C53A-498D-AB25-DBE3A635A922}.Release|Any CPU.ActiveCfg = Release|Any CPU
		{2F890A08-C53A-498D-AB25-DBE3A635A922}.Release|Any CPU.Build.0 = Release|Any CPU
		{C7348D92-0BBF-4C99-869F-B986821D9653}.Debug|Any CPU.ActiveCfg = Debug|Any CPU
		{C7348D92-0BBF-4C99-869F-B986821D9653}.Debug|Any CPU.Build.0 = Debug|Any CPU
		{C7348D92-0BBF-4C99-869F-B986821D9653}.Release|Any CPU.ActiveCfg = Release|Any CPU
		{C7348D92-0BBF-4C99-869F-B986821D9653}.Release|Any CPU.Build.0 = Release|Any CPU
		{2A85325C-2ED4-44B6-B257-3A4EDB20D97F}.Debug|Any CPU.ActiveCfg = Debug|Any CPU
		{2A85325C-2ED4-44B6-B257-3A4EDB20D97F}.Debug|Any CPU.Build.0 = Debug|Any CPU
		{2A85325C-2ED4-44B6-B257-3A4EDB20D97F}.Release|Any CPU.ActiveCfg = Release|Any CPU
		{2A85325C-2ED4-44B6-B257-3A4EDB20D97F}.Release|Any CPU.Build.0 = Release|Any CPU
		{D091CEE0-F2F0-4407-900F-BAE7D7F36BED}.Debug|Any CPU.ActiveCfg = Debug|Any CPU
		{D091CEE0-F2F0-4407-900F-BAE7D7F36BED}.Debug|Any CPU.Build.0 = Debug|Any CPU
		{D091CEE0-F2F0-4407-900F-BAE7D7F36BED}.Release|Any CPU.ActiveCfg = Release|Any CPU
		{D091CEE0-F2F0-4407-900F-BAE7D7F36BED}.Release|Any CPU.Build.0 = Release|Any CPU
		{CB7AA4E3-CBB3-47E9-8883-1A45D5C08737}.Debug|Any CPU.ActiveCfg = Debug|Any CPU
		{CB7AA4E3-CBB3-47E9-8883-1A45D5C08737}.Debug|Any CPU.Build.0 = Debug|Any CPU
		{CB7AA4E3-CBB3-47E9-8883-1A45D5C08737}.Release|Any CPU.ActiveCfg = Release|Any CPU
		{CB7AA4E3-CBB3-47E9-8883-1A45D5C08737}.Release|Any CPU.Build.0 = Release|Any CPU
	EndGlobalSection
	GlobalSection(NestedProjects) = preSolution
		{948323BA-8C5B-4DD0-A294-23D841371742} = {2F8DEA6A-6B28-4B81-B268-6E11310FCAB1}
		{D121F56D-308C-43DC-B4BF-E720BCAA6A03} = {2F8DEA6A-6B28-4B81-B268-6E11310FCAB1}
		{E045597A-17E4-4AB3-A2F1-983CA26A517B} = {2F8DEA6A-6B28-4B81-B268-6E11310FCAB1}
		{1ACD3714-B15A-475D-AC2D-296846CD72F9} = {2F8DEA6A-6B28-4B81-B268-6E11310FCAB1}
		{2F890A08-C53A-498D-AB25-DBE3A635A922} = {2F8DEA6A-6B28-4B81-B268-6E11310FCAB1}
		{C7348D92-0BBF-4C99-869F-B986821D9653} = {2F8DEA6A-6B28-4B81-B268-6E11310FCAB1}
		{2A85325C-2ED4-44B6-B257-3A4EDB20D97F} = {A84E1251-1CF0-41F0-85DD-63F0813610E6}
		{D091CEE0-F2F0-4407-900F-BAE7D7F36BED} = {A84E1251-1CF0-41F0-85DD-63F0813610E6}
		{CB7AA4E3-CBB3-47E9-8883-1A45D5C08737} = {A84E1251-1CF0-41F0-85DD-63F0813610E6}
	EndGlobalSection
EndGlobal
