
Microsoft Visual Studio Solution File, Format Version 12.00
Project("{FAE04EC0-301F-11D3-BF4B-00C04F79EFBC}") = "AoC.Day1", "AoC.Day1\AoC.Day1.csproj", "{A9F993CA-C1D8-4D7A-9FD8-A2B2F76489D2}"
EndProject
Project("{FAE04EC0-301F-11D3-BF4B-00C04F79EFBC}") = "AoC.Day2", "AoC.Day2\AoC.Day2.csproj", "{48272B95-7CB8-4A56-8817-FA4FDBE0881C}"
EndProject
Global
	GlobalSection(SolutionConfigurationPlatforms) = preSolution
		Debug|Any CPU = Debug|Any CPU
		Release|Any CPU = Release|Any CPU
	EndGlobalSection
	GlobalSection(ProjectConfigurationPlatforms) = postSolution
		{A9F993CA-C1D8-4D7A-9FD8-A2B2F76489D2}.Debug|Any CPU.ActiveCfg = Debug|Any CPU
		{A9F993CA-C1D8-4D7A-9FD8-A2B2F76489D2}.Debug|Any CPU.Build.0 = Debug|Any CPU
		{A9F993CA-C1D8-4D7A-9FD8-A2B2F76489D2}.Release|Any CPU.ActiveCfg = Release|Any CPU
		{A9F993CA-C1D8-4D7A-9FD8-A2B2F76489D2}.Release|Any CPU.Build.0 = Release|Any CPU
		{48272B95-7CB8-4A56-8817-FA4FDBE0881C}.Debug|Any CPU.ActiveCfg = Debug|Any CPU
		{48272B95-7CB8-4A56-8817-FA4FDBE0881C}.Debug|Any CPU.Build.0 = Debug|Any CPU
		{48272B95-7CB8-4A56-8817-FA4FDBE0881C}.Release|Any CPU.ActiveCfg = Release|Any CPU
		{48272B95-7CB8-4A56-8817-FA4FDBE0881C}.Release|Any CPU.Build.0 = Release|Any CPU
	EndGlobalSection
EndGlobal
